
Microsoft Visual Studio Solution File, Format Version 12.00
# Visual Studio Version 17
VisualStudioVersion = 17.5.33502.453
MinimumVisualStudioVersion = 10.0.40219.1
Project("{FAE04EC0-301F-11D3-BF4B-00C04F79EFBC}") = "PCDescktop", "PCDescktop\PCDescktop.csproj", "{34B1E3D9-55E6-4C9D-A9B1-A99947A3FD72}"
EndProject
Global
	GlobalSection(SolutionConfigurationPlatforms) = preSolution
		Debug|Any CPU = Debug|Any CPU
		Release|Any CPU = Release|Any CPU
	EndGlobalSection
	GlobalSection(ProjectConfigurationPlatforms) = postSolution
		{34B1E3D9-55E6-4C9D-A9B1-A99947A3FD72}.Debug|Any CPU.ActiveCfg = Debug|Any CPU
		{34B1E3D9-55E6-4C9D-A9B1-A99947A3FD72}.Debug|Any CPU.Build.0 = Debug|Any CPU
		{34B1E3D9-55E6-4C9D-A9B1-A99947A3FD72}.Release|Any CPU.ActiveCfg = Release|Any CPU
		{34B1E3D9-55E6-4C9D-A9B1-A99947A3FD72}.Release|Any CPU.Build.0 = Release|Any CPU
	EndGlobalSection
	GlobalSection(SolutionProperties) = preSolution
		HideSolutionNode = FALSE
	EndGlobalSection
	GlobalSection(ExtensibilityGlobals) = postSolution
		SolutionGuid = {01D03E72-C99A-4E37-A969-0235BD1C3350}
	EndGlobalSection
EndGlobal
